<?xml version="1.0" encoding="utf-8"?>
<Project ToolsVersion="4.0" xmlns="http://schemas.microsoft.com/developer/msbuild/2003">
  <ItemGroup>
    <Filter Include="源文件">
      <UniqueIdentifier>{4FC737F1-C7A5-4376-A066-2A32D752A2FF}</UniqueIdentifier>
      <Extensions>cpp;c;cc;cxx;def;odl;idl;hpj;bat;asm;asmx</Extensions>
    </Filter>
    <Filter Include="头文件">
      <UniqueIdentifier>{93995380-89BD-4b04-88EB-625FBE52EBFB}</UniqueIdentifier>
      <Extensions>h;hh;hpp;hxx;hm;inl;inc;ipp;xsd</Extensions>
    </Filter>
    <Filter Include="资源文件">
      <UniqueIdentifier>{67DA6AB6-F800-4c08-8B7A-83BB121AAD01}</UniqueIdentifier>
      <Extensions>rc;ico;cur;bmp;dlg;rc2;rct;bin;rgs;gif;jpg;jpeg;jpe;resx;tiff;tif;png;wav;mfcribbon-ms</Extensions>
    </Filter>
    <Filter Include="Json">
      <UniqueIdentifier>{853520a9-cb95-44d5-ac69-a6db7ccc9d30}</UniqueIdentifier>
    </Filter>
    <Filter Include="聊天室">
      <UniqueIdentifier>{6a4785e0-4326-41c7-8d01-9c7bb18484b7}</UniqueIdentifier>
    </Filter>
    <Filter Include="Socket">
      <UniqueIdentifier>{53659065-be8d-45cb-9406-05b788c8f3dd}</UniqueIdentifier>
    </Filter>
  </ItemGroup>
  <ItemGroup>
    <ClCompile Include="TcpClient.cpp">
      <Filter>源文件</Filter>
    </ClCompile>
    <ClCompile Include="..\sdk\json\src\lib_json\json_reader.cpp">
      <Filter>Json</Filter>
    </ClCompile>
    <ClCompile Include="..\sdk\json\src\lib_json\json_value.cpp">
      <Filter>Json</Filter>
    </ClCompile>
    <ClCompile Include="..\sdk\json\src\lib_json\json_writer.cpp">
      <Filter>Json</Filter>
    </ClCompile>
    <ClCompile Include="Client.cpp">
      <Filter>聊天室</Filter>
    </ClCompile>
    <ClCompile Include="..\TcpServer\PhdSocket.cpp">
      <Filter>Socket</Filter>
    </ClCompile>
    <ClCompile Include="..\TcpServer\PhdJson.cpp">
      <Filter>Json</Filter>
    </ClCompile>
    <ClCompile Include="CJson.cpp">
      <Filter>聊天室</Filter>
    </ClCompile>
    <ClCompile Include="CClientDlgManager.cpp">
      <Filter>聊天室</Filter>
    </ClCompile>
    <ClCompile Include="CClientRecvManager.cpp">
      <Filter>聊天室</Filter>
    </ClCompile>
  </ItemGroup>
  <ItemGroup>
    <ClInclude Include="stdafx.h">
      <Filter>头文件</Filter>
    </ClInclude>
    <ClInclude Include="Client.h">
      <Filter>聊天室</Filter>
    </ClInclude>
    <ClInclude Include="..\TcpServer\PhdSocket.h">
      <Filter>Socket</Filter>
    </ClInclude>
    <ClInclude Include="..\TcpServer\PhdJson.h">
      <Filter>Json</Filter>
    </ClInclude>
    <ClInclude Include="CJson.h">
      <Filter>聊天室</Filter>
    </ClInclude>
    <ClInclude Include="..\TcpServer\define.h">
      <Filter>聊天室</Filter>
    </ClInclude>
    <ClInclude Include="CClientDlgManager.h">
      <Filter>聊天室</Filter>
    </ClInclude>
    <ClInclude Include="CClientRecvManager.h">
      <Filter>聊天室</Filter>
    </ClInclude>
  </ItemGroup>
</Project>